
Microsoft Visual Studio Solution File, Format Version 12.00
# Visual Studio 15
VisualStudioVersion = 15.0.28010.2019
MinimumVisualStudioVersion = 10.0.40219.1
Project("{FAE04EC0-301F-11D3-BF4B-00C04F79EFBC}") = "View", "Greenhouse\View.csproj", "{A887AC4D-8ECB-4F5F-B1FE-4C9E2D675175}"
EndProject
Project("{FAE04EC0-301F-11D3-BF4B-00C04F79EFBC}") = "Model", "Model\Model.csproj", "{963276B4-FE6B-48EB-8B86-42890F772909}"
EndProject
Project("{FAE04EC0-301F-11D3-BF4B-00C04F79EFBC}") = "Presentation", "Presentation\Presentation.csproj", "{869D877B-5246-49F0-AC88-24C1C6C90240}"
EndProject
Project("{FAE04EC0-301F-11D3-BF4B-00C04F79EFBC}") = "DAL", "DAL\DAL.csproj", "{86E2CEBA-C287-46C9-863F-884607336C30}"
EndProject
Global
	GlobalSection(SolutionConfigurationPlatforms) = preSolution
		Debug|Any CPU = Debug|Any CPU
		Release|Any CPU = Release|Any CPU
	EndGlobalSection
	GlobalSection(ProjectConfigurationPlatforms) = postSolution
		{A887AC4D-8ECB-4F5F-B1FE-4C9E2D675175}.Debug|Any CPU.ActiveCfg = Debug|Any CPU
		{A887AC4D-8ECB-4F5F-B1FE-4C9E2D675175}.Debug|Any CPU.Build.0 = Debug|Any CPU
		{A887AC4D-8ECB-4F5F-B1FE-4C9E2D675175}.Release|Any CPU.ActiveCfg = Release|Any CPU
		{A887AC4D-8ECB-4F5F-B1FE-4C9E2D675175}.Release|Any CPU.Build.0 = Release|Any CPU
		{963276B4-FE6B-48EB-8B86-42890F772909}.Debug|Any CPU.ActiveCfg = Debug|Any CPU
		{963276B4-FE6B-48EB-8B86-42890F772909}.Debug|Any CPU.Build.0 = Debug|Any CPU
		{963276B4-FE6B-48EB-8B86-42890F772909}.Release|Any CPU.ActiveCfg = Release|Any CPU
		{963276B4-FE6B-48EB-8B86-42890F772909}.Release|Any CPU.Build.0 = Release|Any CPU
		{869D877B-5246-49F0-AC88-24C1C6C90240}.Debug|Any CPU.ActiveCfg = Debug|Any CPU
		{869D877B-5246-49F0-AC88-24C1C6C90240}.Debug|Any CPU.Build.0 = Debug|Any CPU
		{869D877B-5246-49F0-AC88-24C1C6C90240}.Release|Any CPU.ActiveCfg = Release|Any CPU
		{869D877B-5246-49F0-AC88-24C1C6C90240}.Release|Any CPU.Build.0 = Release|Any CPU
		{86E2CEBA-C287-46C9-863F-884607336C30}.Debug|Any CPU.ActiveCfg = Debug|Any CPU
		{86E2CEBA-C287-46C9-863F-884607336C30}.Debug|Any CPU.Build.0 = Debug|Any CPU
		{86E2CEBA-C287-46C9-863F-884607336C30}.Release|Any CPU.ActiveCfg = Release|Any CPU
		{86E2CEBA-C287-46C9-863F-884607336C30}.Release|Any CPU.Build.0 = Release|Any CPU
	EndGlobalSection
	GlobalSection(SolutionProperties) = preSolution
		HideSolutionNode = FALSE
	EndGlobalSection
	GlobalSection(ExtensibilityGlobals) = postSolution
		SolutionGuid = {717880A4-283B-42AE-B2C0-A7BE4726EBF4}
	EndGlobalSection
EndGlobal
